
Microsoft Visual Studio Solution File, Format Version 12.00
# Visual Studio Version 17
VisualStudioVersion = 17.7.34221.43
MinimumVisualStudioVersion = 10.0.40219.1
Project("{FAE04EC0-301F-11D3-BF4B-00C04F79EFBC}") = "3 - PochimonsFuncionales", "3 - PochimonsFuncionales\3 - PochimonsFuncionales.csproj", "{43F1042B-2C9D-4B16-919E-F4CF0C567331}"
EndProject
Global
	GlobalSection(SolutionConfigurationPlatforms) = preSolution
		Debug|Any CPU = Debug|Any CPU
		Release|Any CPU = Release|Any CPU
	EndGlobalSection
	GlobalSection(ProjectConfigurationPlatforms) = postSolution
		{43F1042B-2C9D-4B16-919E-F4CF0C567331}.Debug|Any CPU.ActiveCfg = Debug|Any CPU
		{43F1042B-2C9D-4B16-919E-F4CF0C567331}.Debug|Any CPU.Build.0 = Debug|Any CPU
		{43F1042B-2C9D-4B16-919E-F4CF0C567331}.Release|Any CPU.ActiveCfg = Release|Any CPU
		{43F1042B-2C9D-4B16-919E-F4CF0C567331}.Release|Any CPU.Build.0 = Release|Any CPU
	EndGlobalSection
	GlobalSection(SolutionProperties) = preSolution
		HideSolutionNode = FALSE
	EndGlobalSection
	GlobalSection(ExtensibilityGlobals) = postSolution
		SolutionGuid = {FBBB4DFE-52C3-4F0E-92F7-C99F4CF7167B}
	EndGlobalSection
EndGlobal
