
Microsoft Visual Studio Solution File, Format Version 12.00
# Visual Studio Version 17
VisualStudioVersion = 17.7.34221.43
MinimumVisualStudioVersion = 10.0.40219.1
Project("{FAE04EC0-301F-11D3-BF4B-00C04F79EFBC}") = "12_MatricesCalificaciones", "12_MatricesCalificaciones\12_MatricesCalificaciones.csproj", "{54201312-7EAA-4806-82A5-28F5218CB80E}"
EndProject
Global
	GlobalSection(SolutionConfigurationPlatforms) = preSolution
		Debug|Any CPU = Debug|Any CPU
		Release|Any CPU = Release|Any CPU
	EndGlobalSection
	GlobalSection(ProjectConfigurationPlatforms) = postSolution
		{54201312-7EAA-4806-82A5-28F5218CB80E}.Debug|Any CPU.ActiveCfg = Debug|Any CPU
		{54201312-7EAA-4806-82A5-28F5218CB80E}.Debug|Any CPU.Build.0 = Debug|Any CPU
		{54201312-7EAA-4806-82A5-28F5218CB80E}.Release|Any CPU.ActiveCfg = Release|Any CPU
		{54201312-7EAA-4806-82A5-28F5218CB80E}.Release|Any CPU.Build.0 = Release|Any CPU
	EndGlobalSection
	GlobalSection(SolutionProperties) = preSolution
		HideSolutionNode = FALSE
	EndGlobalSection
	GlobalSection(ExtensibilityGlobals) = postSolution
		SolutionGuid = {B81E0034-70AE-442D-A376-60377B9A42F7}
	EndGlobalSection
EndGlobal
