
Microsoft Visual Studio Solution File, Format Version 12.00
# Visual Studio 14
VisualStudioVersion = 14.0.25420.1
MinimumVisualStudioVersion = 10.0.40219.1
Project("{FAE04EC0-301F-11D3-BF4B-00C04F79EFBC}") = "5_HOTSALE", "5_HOTSALE\5_HOTSALE.csproj", "{8D6742D6-4C61-4FD7-9E82-6F40D8F7D55F}"
EndProject
Global
	GlobalSection(SolutionConfigurationPlatforms) = preSolution
		Debug|Any CPU = Debug|Any CPU
		Release|Any CPU = Release|Any CPU
	EndGlobalSection
	GlobalSection(ProjectConfigurationPlatforms) = postSolution
		{8D6742D6-4C61-4FD7-9E82-6F40D8F7D55F}.Debug|Any CPU.ActiveCfg = Debug|Any CPU
		{8D6742D6-4C61-4FD7-9E82-6F40D8F7D55F}.Debug|Any CPU.Build.0 = Debug|Any CPU
		{8D6742D6-4C61-4FD7-9E82-6F40D8F7D55F}.Release|Any CPU.ActiveCfg = Release|Any CPU
		{8D6742D6-4C61-4FD7-9E82-6F40D8F7D55F}.Release|Any CPU.Build.0 = Release|Any CPU
	EndGlobalSection
	GlobalSection(SolutionProperties) = preSolution
		HideSolutionNode = FALSE
	EndGlobalSection
EndGlobal
