
Microsoft Visual Studio Solution File, Format Version 12.00
# Visual Studio 14
VisualStudioVersion = 14.0.25420.1
MinimumVisualStudioVersion = 10.0.40219.1
Project("{FAE04EC0-301F-11D3-BF4B-00C04F79EFBC}") = "1 - CobrarBecaGUI", "1 - CobrarBecaGUI\1 - CobrarBecaGUI.csproj", "{4495427C-8546-4045-B197-B1555C120765}"
EndProject
Global
	GlobalSection(SolutionConfigurationPlatforms) = preSolution
		Debug|Any CPU = Debug|Any CPU
		Release|Any CPU = Release|Any CPU
	EndGlobalSection
	GlobalSection(ProjectConfigurationPlatforms) = postSolution
		{4495427C-8546-4045-B197-B1555C120765}.Debug|Any CPU.ActiveCfg = Debug|Any CPU
		{4495427C-8546-4045-B197-B1555C120765}.Debug|Any CPU.Build.0 = Debug|Any CPU
		{4495427C-8546-4045-B197-B1555C120765}.Release|Any CPU.ActiveCfg = Release|Any CPU
		{4495427C-8546-4045-B197-B1555C120765}.Release|Any CPU.Build.0 = Release|Any CPU
	EndGlobalSection
	GlobalSection(SolutionProperties) = preSolution
		HideSolutionNode = FALSE
	EndGlobalSection
EndGlobal
