
Microsoft Visual Studio Solution File, Format Version 12.00
# Visual Studio Version 17
VisualStudioVersion = 17.7.34221.43
MinimumVisualStudioVersion = 10.0.40219.1
Project("{FAE04EC0-301F-11D3-BF4B-00C04F79EFBC}") = "8_VectorRandomSwitch", "8_VectorRandomSwitch\8_VectorRandomSwitch.csproj", "{B2B4CD82-BF6B-44A9-9B7E-E432B471975E}"
EndProject
Global
	GlobalSection(SolutionConfigurationPlatforms) = preSolution
		Debug|Any CPU = Debug|Any CPU
		Release|Any CPU = Release|Any CPU
	EndGlobalSection
	GlobalSection(ProjectConfigurationPlatforms) = postSolution
		{B2B4CD82-BF6B-44A9-9B7E-E432B471975E}.Debug|Any CPU.ActiveCfg = Debug|Any CPU
		{B2B4CD82-BF6B-44A9-9B7E-E432B471975E}.Debug|Any CPU.Build.0 = Debug|Any CPU
		{B2B4CD82-BF6B-44A9-9B7E-E432B471975E}.Release|Any CPU.ActiveCfg = Release|Any CPU
		{B2B4CD82-BF6B-44A9-9B7E-E432B471975E}.Release|Any CPU.Build.0 = Release|Any CPU
	EndGlobalSection
	GlobalSection(SolutionProperties) = preSolution
		HideSolutionNode = FALSE
	EndGlobalSection
	GlobalSection(ExtensibilityGlobals) = postSolution
		SolutionGuid = {A543B69D-FD75-4542-BA69-FEC7E4E3E26C}
	EndGlobalSection
EndGlobal
