
Microsoft Visual Studio Solution File, Format Version 12.00
# Visual Studio 14
VisualStudioVersion = 14.0.25420.1
MinimumVisualStudioVersion = 10.0.40219.1
Project("{FAE04EC0-301F-11D3-BF4B-00C04F79EFBC}") = "17_MEnu", "17_MEnu\17_MEnu.csproj", "{18AEF591-09E6-4555-9DFD-73DE0B4FFD7F}"
EndProject
Global
	GlobalSection(SolutionConfigurationPlatforms) = preSolution
		Debug|Any CPU = Debug|Any CPU
		Release|Any CPU = Release|Any CPU
	EndGlobalSection
	GlobalSection(ProjectConfigurationPlatforms) = postSolution
		{18AEF591-09E6-4555-9DFD-73DE0B4FFD7F}.Debug|Any CPU.ActiveCfg = Debug|Any CPU
		{18AEF591-09E6-4555-9DFD-73DE0B4FFD7F}.Debug|Any CPU.Build.0 = Debug|Any CPU
		{18AEF591-09E6-4555-9DFD-73DE0B4FFD7F}.Release|Any CPU.ActiveCfg = Release|Any CPU
		{18AEF591-09E6-4555-9DFD-73DE0B4FFD7F}.Release|Any CPU.Build.0 = Release|Any CPU
	EndGlobalSection
	GlobalSection(SolutionProperties) = preSolution
		HideSolutionNode = FALSE
	EndGlobalSection
EndGlobal
